
Microsoft Visual Studio Solution File, Format Version 12.00
# Visual Studio Version 16
VisualStudioVersion = 16.0.29709.97
MinimumVisualStudioVersion = 10.0.40219.1
Project("{2150E333-8FDC-42A3-9474-1A3956D46DE8}") = "Ch01", "Ch01", "{2072E69B-B6F4-43B3-9D41-5A5967D29670}"
EndProject
Project("{8BC9CEB8-8B4A-11D0-8D11-00A0C91BC942}") = "FirstApp", "FirstApp\FirstApp.vcxproj", "{7DDA999E-B535-4846-A591-B593FC727780}"
EndProject
Project("{8BC9CEB8-8B4A-11D0-8D11-00A0C91BC942}") = "TemplateTest", "TemplateTest\TemplateTest.vcxproj", "{FD4D5417-102F-40B4-A53A-91A92DFDB308}"
EndProject
Project("{8BC9CEB8-8B4A-11D0-8D11-00A0C91BC942}") = "EscapeTest", "EscapeTest\EscapeTest.vcxproj", "{1E226401-419C-443B-BC61-42D6D5374C1B}"
EndProject
Project("{2150E333-8FDC-42A3-9474-1A3956D46DE8}") = "Ch03", "Ch03", "{AC7F036F-5E8D-4B23-9DB6-0BC525664F2F}"
EndProject
Project("{8BC9CEB8-8B4A-11D0-8D11-00A0C91BC942}") = "VarTest", "VarTest\VarTest.vcxproj", "{1479A3DA-BD54-4BC2-A97A-0945F14171FC}"
EndProject
Project("{8BC9CEB8-8B4A-11D0-8D11-00A0C91BC942}") = "StringTest", "StringTest\StringTest.vcxproj", "{CA342A53-7ACB-4D8B-8462-9A7F8B8EFD0A}"
EndProject
Project("{2150E333-8FDC-42A3-9474-1A3956D46DE8}") = "Ch04", "Ch04", "{EA267FB9-131A-4D5E-8265-AC432D712714}"
EndProject
Project("{8BC9CEB8-8B4A-11D0-8D11-00A0C91BC942}") = "DivideTest", "DivideTest\DivideTest.vcxproj", "{F3BBBCEB-B962-4524-A57C-2A9204CE4818}"
EndProject
Project("{2150E333-8FDC-42A3-9474-1A3956D46DE8}") = "Ch05", "Ch05", "{62BDA154-A182-4601-9537-69E4AFB17A36}"
EndProject
Project("{8BC9CEB8-8B4A-11D0-8D11-00A0C91BC942}") = "CastTest", "CastTest\CastTest.vcxproj", "{90BC0698-5939-458B-BA73-C242995201DE}"
EndProject
Project("{8BC9CEB8-8B4A-11D0-8D11-00A0C91BC942}") = "OPTest", "OPTest\OPTest.vcxproj", "{16919EE4-8CAD-49FB-870C-2BF1CA403C31}"
EndProject
Project("{8BC9CEB8-8B4A-11D0-8D11-00A0C91BC942}") = "IfTestApp", "IfTestApp\IfTestApp.vcxproj", "{D133B20F-D25F-422B-88DF-6DAAFE7C94FE}"
EndProject
Project("{8BC9CEB8-8B4A-11D0-8D11-00A0C91BC942}") = "WhileTestApp", "WhileTestApp\WhileTestApp.vcxproj", "{E35976AC-EAED-4B9A-89E1-04B45F196D9D}"
EndProject
Project("{8BC9CEB8-8B4A-11D0-8D11-00A0C91BC942}") = "ForTestApp", "ForTestApp\ForTestApp.vcxproj", "{3974A25D-5300-4D1E-8F4B-2002B717612F}"
EndProject
Project("{2150E333-8FDC-42A3-9474-1A3956D46DE8}") = "Ch06", "Ch06", "{4F9B81D4-7A00-4EBE-9252-65A20BD08D86}"
EndProject
Project("{8BC9CEB8-8B4A-11D0-8D11-00A0C91BC942}") = "FunctionTest", "FuctionTest\FuctionTest.vcxproj", "{7457B57C-8423-4D3B-82B2-95976C360220}"
EndProject
Project("{2150E333-8FDC-42A3-9474-1A3956D46DE8}") = "Ch08", "Ch08", "{23BD63B4-95ED-4692-BD36-13A80DCF70CB}"
EndProject
Project("{8BC9CEB8-8B4A-11D0-8D11-00A0C91BC942}") = "ArrayTestApp", "ArrayTestApp\ArrayTestApp.vcxproj", "{79C707A7-277E-4E57-83BD-AC6632458B0F}"
EndProject
Project("{8BC9CEB8-8B4A-11D0-8D11-00A0C91BC942}") = "StringTestApp", "StringTestApp\StringTestApp.vcxproj", "{82C4D04B-695A-4F55-A699-4B32BB660A5F}"
EndProject
Project("{2150E333-8FDC-42A3-9474-1A3956D46DE8}") = "Ch09", "Ch09", "{0F44CEB4-F97C-460F-822D-21D53A095360}"
EndProject
Project("{8BC9CEB8-8B4A-11D0-8D11-00A0C91BC942}") = "PointerTestApp", "PointerTestApp\PointerTestApp.vcxproj", "{4A0488AC-128A-4388-B324-B357F7943E34}"
EndProject
Project("{8BC9CEB8-8B4A-11D0-8D11-00A0C91BC942}") = "SwapTestApp", "SwapTestApp\SwapTestApp.vcxproj", "{6694D904-703A-46DB-9C89-FDB5BD73233E}"
EndProject
Project("{2150E333-8FDC-42A3-9474-1A3956D46DE8}") = "Ch10", "Ch10", "{A18BF733-B0FD-4D17-B751-94BBAF1379CE}"
EndProject
Project("{8BC9CEB8-8B4A-11D0-8D11-00A0C91BC942}") = "ArrayPointerTestApp", "ArrayPointerTestApp\ArrayPointerTestApp.vcxproj", "{82C858FB-AFED-48C6-AA12-12BC7565CE84}"
EndProject
Project("{2150E333-8FDC-42A3-9474-1A3956D46DE8}") = "Ch11", "Ch11", "{CFE8DDE6-952F-446E-9A20-5FF3C5FA7B6A}"
EndProject
Project("{8BC9CEB8-8B4A-11D0-8D11-00A0C91BC942}") = "ArrayPointerApp2", "ArrayPointerApp2\ArrayPointerApp2.vcxproj", "{0D76E402-4835-4F91-ABD4-253531C1CC21}"
EndProject
Project("{8BC9CEB8-8B4A-11D0-8D11-00A0C91BC942}") = "CharTestApp", "CharTestApp\CharTestApp.vcxproj", "{F2D16F6D-1F3F-4078-8480-A20D55579FB8}"
EndProject
Project("{2150E333-8FDC-42A3-9474-1A3956D46DE8}") = "Ch12", "Ch12", "{8D2A8493-D180-4370-BF85-703C401509BB}"
EndProject
Project("{8BC9CEB8-8B4A-11D0-8D11-00A0C91BC942}") = "StrTestApp", "StrTestApp\StrTestApp.vcxproj", "{88060C3E-4B67-4A2E-B9F7-285B645D8963}"
EndProject
Project("{2150E333-8FDC-42A3-9474-1A3956D46DE8}") = "Ch13", "Ch13", "{A8393F09-0081-46DA-936E-97DC49F3588B}"
EndProject
Project("{8BC9CEB8-8B4A-11D0-8D11-00A0C91BC942}") = "VarAreaTestApp", "VarAreaTestApp\VarAreaTestApp.vcxproj", "{3EEC91BE-6912-4460-9C3B-347CF7784CC7}"
EndProject
Project("{8BC9CEB8-8B4A-11D0-8D11-00A0C91BC942}") = "StaticValTestApp", "StaticValTestApp\StaticValTestApp.vcxproj", "{B0DC5753-4195-45D8-8C21-BFF2DE8070CF}"
EndProject
Global
	GlobalSection(SolutionConfigurationPlatforms) = preSolution
		Debug|x64 = Debug|x64
		Debug|x86 = Debug|x86
		Release|x64 = Release|x64
		Release|x86 = Release|x86
	EndGlobalSection
	GlobalSection(ProjectConfigurationPlatforms) = postSolution
		{7DDA999E-B535-4846-A591-B593FC727780}.Debug|x64.ActiveCfg = Debug|x64
		{7DDA999E-B535-4846-A591-B593FC727780}.Debug|x64.Build.0 = Debug|x64
		{7DDA999E-B535-4846-A591-B593FC727780}.Debug|x86.ActiveCfg = Debug|Win32
		{7DDA999E-B535-4846-A591-B593FC727780}.Debug|x86.Build.0 = Debug|Win32
		{7DDA999E-B535-4846-A591-B593FC727780}.Release|x64.ActiveCfg = Release|x64
		{7DDA999E-B535-4846-A591-B593FC727780}.Release|x64.Build.0 = Release|x64
		{7DDA999E-B535-4846-A591-B593FC727780}.Release|x86.ActiveCfg = Release|Win32
		{7DDA999E-B535-4846-A591-B593FC727780}.Release|x86.Build.0 = Release|Win32
		{FD4D5417-102F-40B4-A53A-91A92DFDB308}.Debug|x64.ActiveCfg = Debug|x64
		{FD4D5417-102F-40B4-A53A-91A92DFDB308}.Debug|x64.Build.0 = Debug|x64
		{FD4D5417-102F-40B4-A53A-91A92DFDB308}.Debug|x86.ActiveCfg = Debug|Win32
		{FD4D5417-102F-40B4-A53A-91A92DFDB308}.Debug|x86.Build.0 = Debug|Win32
		{FD4D5417-102F-40B4-A53A-91A92DFDB308}.Release|x64.ActiveCfg = Release|x64
		{FD4D5417-102F-40B4-A53A-91A92DFDB308}.Release|x64.Build.0 = Release|x64
		{FD4D5417-102F-40B4-A53A-91A92DFDB308}.Release|x86.ActiveCfg = Release|Win32
		{FD4D5417-102F-40B4-A53A-91A92DFDB308}.Release|x86.Build.0 = Release|Win32
		{1E226401-419C-443B-BC61-42D6D5374C1B}.Debug|x64.ActiveCfg = Debug|x64
		{1E226401-419C-443B-BC61-42D6D5374C1B}.Debug|x64.Build.0 = Debug|x64
		{1E226401-419C-443B-BC61-42D6D5374C1B}.Debug|x86.ActiveCfg = Debug|Win32
		{1E226401-419C-443B-BC61-42D6D5374C1B}.Debug|x86.Build.0 = Debug|Win32
		{1E226401-419C-443B-BC61-42D6D5374C1B}.Release|x64.ActiveCfg = Release|x64
		{1E226401-419C-443B-BC61-42D6D5374C1B}.Release|x64.Build.0 = Release|x64
		{1E226401-419C-443B-BC61-42D6D5374C1B}.Release|x86.ActiveCfg = Release|Win32
		{1E226401-419C-443B-BC61-42D6D5374C1B}.Release|x86.Build.0 = Release|Win32
		{1479A3DA-BD54-4BC2-A97A-0945F14171FC}.Debug|x64.ActiveCfg = Debug|x64
		{1479A3DA-BD54-4BC2-A97A-0945F14171FC}.Debug|x64.Build.0 = Debug|x64
		{1479A3DA-BD54-4BC2-A97A-0945F14171FC}.Debug|x86.ActiveCfg = Debug|Win32
		{1479A3DA-BD54-4BC2-A97A-0945F14171FC}.Debug|x86.Build.0 = Debug|Win32
		{1479A3DA-BD54-4BC2-A97A-0945F14171FC}.Release|x64.ActiveCfg = Release|x64
		{1479A3DA-BD54-4BC2-A97A-0945F14171FC}.Release|x64.Build.0 = Release|x64
		{1479A3DA-BD54-4BC2-A97A-0945F14171FC}.Release|x86.ActiveCfg = Release|Win32
		{1479A3DA-BD54-4BC2-A97A-0945F14171FC}.Release|x86.Build.0 = Release|Win32
		{CA342A53-7ACB-4D8B-8462-9A7F8B8EFD0A}.Debug|x64.ActiveCfg = Debug|x64
		{CA342A53-7ACB-4D8B-8462-9A7F8B8EFD0A}.Debug|x64.Build.0 = Debug|x64
		{CA342A53-7ACB-4D8B-8462-9A7F8B8EFD0A}.Debug|x86.ActiveCfg = Debug|Win32
		{CA342A53-7ACB-4D8B-8462-9A7F8B8EFD0A}.Debug|x86.Build.0 = Debug|Win32
		{CA342A53-7ACB-4D8B-8462-9A7F8B8EFD0A}.Release|x64.ActiveCfg = Release|x64
		{CA342A53-7ACB-4D8B-8462-9A7F8B8EFD0A}.Release|x64.Build.0 = Release|x64
		{CA342A53-7ACB-4D8B-8462-9A7F8B8EFD0A}.Release|x86.ActiveCfg = Release|Win32
		{CA342A53-7ACB-4D8B-8462-9A7F8B8EFD0A}.Release|x86.Build.0 = Release|Win32
		{F3BBBCEB-B962-4524-A57C-2A9204CE4818}.Debug|x64.ActiveCfg = Debug|x64
		{F3BBBCEB-B962-4524-A57C-2A9204CE4818}.Debug|x64.Build.0 = Debug|x64
		{F3BBBCEB-B962-4524-A57C-2A9204CE4818}.Debug|x86.ActiveCfg = Debug|Win32
		{F3BBBCEB-B962-4524-A57C-2A9204CE4818}.Debug|x86.Build.0 = Debug|Win32
		{F3BBBCEB-B962-4524-A57C-2A9204CE4818}.Release|x64.ActiveCfg = Release|x64
		{F3BBBCEB-B962-4524-A57C-2A9204CE4818}.Release|x64.Build.0 = Release|x64
		{F3BBBCEB-B962-4524-A57C-2A9204CE4818}.Release|x86.ActiveCfg = Release|Win32
		{F3BBBCEB-B962-4524-A57C-2A9204CE4818}.Release|x86.Build.0 = Release|Win32
		{90BC0698-5939-458B-BA73-C242995201DE}.Debug|x64.ActiveCfg = Debug|x64
		{90BC0698-5939-458B-BA73-C242995201DE}.Debug|x64.Build.0 = Debug|x64
		{90BC0698-5939-458B-BA73-C242995201DE}.Debug|x86.ActiveCfg = Debug|Win32
		{90BC0698-5939-458B-BA73-C242995201DE}.Debug|x86.Build.0 = Debug|Win32
		{90BC0698-5939-458B-BA73-C242995201DE}.Release|x64.ActiveCfg = Release|x64
		{90BC0698-5939-458B-BA73-C242995201DE}.Release|x64.Build.0 = Release|x64
		{90BC0698-5939-458B-BA73-C242995201DE}.Release|x86.ActiveCfg = Release|Win32
		{90BC0698-5939-458B-BA73-C242995201DE}.Release|x86.Build.0 = Release|Win32
		{16919EE4-8CAD-49FB-870C-2BF1CA403C31}.Debug|x64.ActiveCfg = Debug|x64
		{16919EE4-8CAD-49FB-870C-2BF1CA403C31}.Debug|x64.Build.0 = Debug|x64
		{16919EE4-8CAD-49FB-870C-2BF1CA403C31}.Debug|x86.ActiveCfg = Debug|Win32
		{16919EE4-8CAD-49FB-870C-2BF1CA403C31}.Debug|x86.Build.0 = Debug|Win32
		{16919EE4-8CAD-49FB-870C-2BF1CA403C31}.Release|x64.ActiveCfg = Release|x64
		{16919EE4-8CAD-49FB-870C-2BF1CA403C31}.Release|x64.Build.0 = Release|x64
		{16919EE4-8CAD-49FB-870C-2BF1CA403C31}.Release|x86.ActiveCfg = Release|Win32
		{16919EE4-8CAD-49FB-870C-2BF1CA403C31}.Release|x86.Build.0 = Release|Win32
		{D133B20F-D25F-422B-88DF-6DAAFE7C94FE}.Debug|x64.ActiveCfg = Debug|x64
		{D133B20F-D25F-422B-88DF-6DAAFE7C94FE}.Debug|x64.Build.0 = Debug|x64
		{D133B20F-D25F-422B-88DF-6DAAFE7C94FE}.Debug|x86.ActiveCfg = Debug|Win32
		{D133B20F-D25F-422B-88DF-6DAAFE7C94FE}.Debug|x86.Build.0 = Debug|Win32
		{D133B20F-D25F-422B-88DF-6DAAFE7C94FE}.Release|x64.ActiveCfg = Release|x64
		{D133B20F-D25F-422B-88DF-6DAAFE7C94FE}.Release|x64.Build.0 = Release|x64
		{D133B20F-D25F-422B-88DF-6DAAFE7C94FE}.Release|x86.ActiveCfg = Release|Win32
		{D133B20F-D25F-422B-88DF-6DAAFE7C94FE}.Release|x86.Build.0 = Release|Win32
		{E35976AC-EAED-4B9A-89E1-04B45F196D9D}.Debug|x64.ActiveCfg = Debug|x64
		{E35976AC-EAED-4B9A-89E1-04B45F196D9D}.Debug|x64.Build.0 = Debug|x64
		{E35976AC-EAED-4B9A-89E1-04B45F196D9D}.Debug|x86.ActiveCfg = Debug|Win32
		{E35976AC-EAED-4B9A-89E1-04B45F196D9D}.Debug|x86.Build.0 = Debug|Win32
		{E35976AC-EAED-4B9A-89E1-04B45F196D9D}.Release|x64.ActiveCfg = Release|x64
		{E35976AC-EAED-4B9A-89E1-04B45F196D9D}.Release|x64.Build.0 = Release|x64
		{E35976AC-EAED-4B9A-89E1-04B45F196D9D}.Release|x86.ActiveCfg = Release|Win32
		{E35976AC-EAED-4B9A-89E1-04B45F196D9D}.Release|x86.Build.0 = Release|Win32
		{3974A25D-5300-4D1E-8F4B-2002B717612F}.Debug|x64.ActiveCfg = Debug|x64
		{3974A25D-5300-4D1E-8F4B-2002B717612F}.Debug|x64.Build.0 = Debug|x64
		{3974A25D-5300-4D1E-8F4B-2002B717612F}.Debug|x86.ActiveCfg = Debug|Win32
		{3974A25D-5300-4D1E-8F4B-2002B717612F}.Debug|x86.Build.0 = Debug|Win32
		{3974A25D-5300-4D1E-8F4B-2002B717612F}.Release|x64.ActiveCfg = Release|x64
		{3974A25D-5300-4D1E-8F4B-2002B717612F}.Release|x64.Build.0 = Release|x64
		{3974A25D-5300-4D1E-8F4B-2002B717612F}.Release|x86.ActiveCfg = Release|Win32
		{3974A25D-5300-4D1E-8F4B-2002B717612F}.Release|x86.Build.0 = Release|Win32
		{7457B57C-8423-4D3B-82B2-95976C360220}.Debug|x64.ActiveCfg = Debug|x64
		{7457B57C-8423-4D3B-82B2-95976C360220}.Debug|x64.Build.0 = Debug|x64
		{7457B57C-8423-4D3B-82B2-95976C360220}.Debug|x86.ActiveCfg = Debug|Win32
		{7457B57C-8423-4D3B-82B2-95976C360220}.Debug|x86.Build.0 = Debug|Win32
		{7457B57C-8423-4D3B-82B2-95976C360220}.Release|x64.ActiveCfg = Release|x64
		{7457B57C-8423-4D3B-82B2-95976C360220}.Release|x64.Build.0 = Release|x64
		{7457B57C-8423-4D3B-82B2-95976C360220}.Release|x86.ActiveCfg = Release|Win32
		{7457B57C-8423-4D3B-82B2-95976C360220}.Release|x86.Build.0 = Release|Win32
		{79C707A7-277E-4E57-83BD-AC6632458B0F}.Debug|x64.ActiveCfg = Debug|x64
		{79C707A7-277E-4E57-83BD-AC6632458B0F}.Debug|x64.Build.0 = Debug|x64
		{79C707A7-277E-4E57-83BD-AC6632458B0F}.Debug|x86.ActiveCfg = Debug|Win32
		{79C707A7-277E-4E57-83BD-AC6632458B0F}.Debug|x86.Build.0 = Debug|Win32
		{79C707A7-277E-4E57-83BD-AC6632458B0F}.Release|x64.ActiveCfg = Release|x64
		{79C707A7-277E-4E57-83BD-AC6632458B0F}.Release|x64.Build.0 = Release|x64
		{79C707A7-277E-4E57-83BD-AC6632458B0F}.Release|x86.ActiveCfg = Release|Win32
		{79C707A7-277E-4E57-83BD-AC6632458B0F}.Release|x86.Build.0 = Release|Win32
		{82C4D04B-695A-4F55-A699-4B32BB660A5F}.Debug|x64.ActiveCfg = Debug|x64
		{82C4D04B-695A-4F55-A699-4B32BB660A5F}.Debug|x64.Build.0 = Debug|x64
		{82C4D04B-695A-4F55-A699-4B32BB660A5F}.Debug|x86.ActiveCfg = Debug|Win32
		{82C4D04B-695A-4F55-A699-4B32BB660A5F}.Debug|x86.Build.0 = Debug|Win32
		{82C4D04B-695A-4F55-A699-4B32BB660A5F}.Release|x64.ActiveCfg = Release|x64
		{82C4D04B-695A-4F55-A699-4B32BB660A5F}.Release|x64.Build.0 = Release|x64
		{82C4D04B-695A-4F55-A699-4B32BB660A5F}.Release|x86.ActiveCfg = Release|Win32
		{82C4D04B-695A-4F55-A699-4B32BB660A5F}.Release|x86.Build.0 = Release|Win32
		{4A0488AC-128A-4388-B324-B357F7943E34}.Debug|x64.ActiveCfg = Debug|x64
		{4A0488AC-128A-4388-B324-B357F7943E34}.Debug|x64.Build.0 = Debug|x64
		{4A0488AC-128A-4388-B324-B357F7943E34}.Debug|x86.ActiveCfg = Debug|Win32
		{4A0488AC-128A-4388-B324-B357F7943E34}.Debug|x86.Build.0 = Debug|Win32
		{4A0488AC-128A-4388-B324-B357F7943E34}.Release|x64.ActiveCfg = Release|x64
		{4A0488AC-128A-4388-B324-B357F7943E34}.Release|x64.Build.0 = Release|x64
		{4A0488AC-128A-4388-B324-B357F7943E34}.Release|x86.ActiveCfg = Release|Win32
		{4A0488AC-128A-4388-B324-B357F7943E34}.Release|x86.Build.0 = Release|Win32
		{6694D904-703A-46DB-9C89-FDB5BD73233E}.Debug|x64.ActiveCfg = Debug|x64
		{6694D904-703A-46DB-9C89-FDB5BD73233E}.Debug|x64.Build.0 = Debug|x64
		{6694D904-703A-46DB-9C89-FDB5BD73233E}.Debug|x86.ActiveCfg = Debug|Win32
		{6694D904-703A-46DB-9C89-FDB5BD73233E}.Debug|x86.Build.0 = Debug|Win32
		{6694D904-703A-46DB-9C89-FDB5BD73233E}.Release|x64.ActiveCfg = Release|x64
		{6694D904-703A-46DB-9C89-FDB5BD73233E}.Release|x64.Build.0 = Release|x64
		{6694D904-703A-46DB-9C89-FDB5BD73233E}.Release|x86.ActiveCfg = Release|Win32
		{6694D904-703A-46DB-9C89-FDB5BD73233E}.Release|x86.Build.0 = Release|Win32
		{82C858FB-AFED-48C6-AA12-12BC7565CE84}.Debug|x64.ActiveCfg = Debug|x64
		{82C858FB-AFED-48C6-AA12-12BC7565CE84}.Debug|x64.Build.0 = Debug|x64
		{82C858FB-AFED-48C6-AA12-12BC7565CE84}.Debug|x86.ActiveCfg = Debug|Win32
		{82C858FB-AFED-48C6-AA12-12BC7565CE84}.Debug|x86.Build.0 = Debug|Win32
		{82C858FB-AFED-48C6-AA12-12BC7565CE84}.Release|x64.ActiveCfg = Release|x64
		{82C858FB-AFED-48C6-AA12-12BC7565CE84}.Release|x64.Build.0 = Release|x64
		{82C858FB-AFED-48C6-AA12-12BC7565CE84}.Release|x86.ActiveCfg = Release|Win32
		{82C858FB-AFED-48C6-AA12-12BC7565CE84}.Release|x86.Build.0 = Release|Win32
		{0D76E402-4835-4F91-ABD4-253531C1CC21}.Debug|x64.ActiveCfg = Debug|x64
		{0D76E402-4835-4F91-ABD4-253531C1CC21}.Debug|x64.Build.0 = Debug|x64
		{0D76E402-4835-4F91-ABD4-253531C1CC21}.Debug|x86.ActiveCfg = Debug|Win32
		{0D76E402-4835-4F91-ABD4-253531C1CC21}.Debug|x86.Build.0 = Debug|Win32
		{0D76E402-4835-4F91-ABD4-253531C1CC21}.Release|x64.ActiveCfg = Release|x64
		{0D76E402-4835-4F91-ABD4-253531C1CC21}.Release|x64.Build.0 = Release|x64
		{0D76E402-4835-4F91-ABD4-253531C1CC21}.Release|x86.ActiveCfg = Release|Win32
		{0D76E402-4835-4F91-ABD4-253531C1CC21}.Release|x86.Build.0 = Release|Win32
		{F2D16F6D-1F3F-4078-8480-A20D55579FB8}.Debug|x64.ActiveCfg = Debug|x64
		{F2D16F6D-1F3F-4078-8480-A20D55579FB8}.Debug|x64.Build.0 = Debug|x64
		{F2D16F6D-1F3F-4078-8480-A20D55579FB8}.Debug|x86.ActiveCfg = Debug|Win32
		{F2D16F6D-1F3F-4078-8480-A20D55579FB8}.Debug|x86.Build.0 = Debug|Win32
		{F2D16F6D-1F3F-4078-8480-A20D55579FB8}.Release|x64.ActiveCfg = Release|x64
		{F2D16F6D-1F3F-4078-8480-A20D55579FB8}.Release|x64.Build.0 = Release|x64
		{F2D16F6D-1F3F-4078-8480-A20D55579FB8}.Release|x86.ActiveCfg = Release|Win32
		{F2D16F6D-1F3F-4078-8480-A20D55579FB8}.Release|x86.Build.0 = Release|Win32
		{88060C3E-4B67-4A2E-B9F7-285B645D8963}.Debug|x64.ActiveCfg = Debug|x64
		{88060C3E-4B67-4A2E-B9F7-285B645D8963}.Debug|x64.Build.0 = Debug|x64
		{88060C3E-4B67-4A2E-B9F7-285B645D8963}.Debug|x86.ActiveCfg = Debug|Win32
		{88060C3E-4B67-4A2E-B9F7-285B645D8963}.Debug|x86.Build.0 = Debug|Win32
		{88060C3E-4B67-4A2E-B9F7-285B645D8963}.Release|x64.ActiveCfg = Release|x64
		{88060C3E-4B67-4A2E-B9F7-285B645D8963}.Release|x64.Build.0 = Release|x64
		{88060C3E-4B67-4A2E-B9F7-285B645D8963}.Release|x86.ActiveCfg = Release|Win32
		{88060C3E-4B67-4A2E-B9F7-285B645D8963}.Release|x86.Build.0 = Release|Win32
		{3EEC91BE-6912-4460-9C3B-347CF7784CC7}.Debug|x64.ActiveCfg = Debug|x64
		{3EEC91BE-6912-4460-9C3B-347CF7784CC7}.Debug|x64.Build.0 = Debug|x64
		{3EEC91BE-6912-4460-9C3B-347CF7784CC7}.Debug|x86.ActiveCfg = Debug|Win32
		{3EEC91BE-6912-4460-9C3B-347CF7784CC7}.Debug|x86.Build.0 = Debug|Win32
		{3EEC91BE-6912-4460-9C3B-347CF7784CC7}.Release|x64.ActiveCfg = Release|x64
		{3EEC91BE-6912-4460-9C3B-347CF7784CC7}.Release|x64.Build.0 = Release|x64
		{3EEC91BE-6912-4460-9C3B-347CF7784CC7}.Release|x86.ActiveCfg = Release|Win32
		{3EEC91BE-6912-4460-9C3B-347CF7784CC7}.Release|x86.Build.0 = Release|Win32
		{B0DC5753-4195-45D8-8C21-BFF2DE8070CF}.Debug|x64.ActiveCfg = Debug|x64
		{B0DC5753-4195-45D8-8C21-BFF2DE8070CF}.Debug|x64.Build.0 = Debug|x64
		{B0DC5753-4195-45D8-8C21-BFF2DE8070CF}.Debug|x86.ActiveCfg = Debug|Win32
		{B0DC5753-4195-45D8-8C21-BFF2DE8070CF}.Debug|x86.Build.0 = Debug|Win32
		{B0DC5753-4195-45D8-8C21-BFF2DE8070CF}.Release|x64.ActiveCfg = Release|x64
		{B0DC5753-4195-45D8-8C21-BFF2DE8070CF}.Release|x64.Build.0 = Release|x64
		{B0DC5753-4195-45D8-8C21-BFF2DE8070CF}.Release|x86.ActiveCfg = Release|Win32
		{B0DC5753-4195-45D8-8C21-BFF2DE8070CF}.Release|x86.Build.0 = Release|Win32
	EndGlobalSection
	GlobalSection(SolutionProperties) = preSolution
		HideSolutionNode = FALSE
	EndGlobalSection
	GlobalSection(NestedProjects) = preSolution
		{7DDA999E-B535-4846-A591-B593FC727780} = {2072E69B-B6F4-43B3-9D41-5A5967D29670}
		{FD4D5417-102F-40B4-A53A-91A92DFDB308} = {2072E69B-B6F4-43B3-9D41-5A5967D29670}
		{1E226401-419C-443B-BC61-42D6D5374C1B} = {2072E69B-B6F4-43B3-9D41-5A5967D29670}
		{1479A3DA-BD54-4BC2-A97A-0945F14171FC} = {AC7F036F-5E8D-4B23-9DB6-0BC525664F2F}
		{CA342A53-7ACB-4D8B-8462-9A7F8B8EFD0A} = {AC7F036F-5E8D-4B23-9DB6-0BC525664F2F}
		{F3BBBCEB-B962-4524-A57C-2A9204CE4818} = {EA267FB9-131A-4D5E-8265-AC432D712714}
		{90BC0698-5939-458B-BA73-C242995201DE} = {62BDA154-A182-4601-9537-69E4AFB17A36}
		{16919EE4-8CAD-49FB-870C-2BF1CA403C31} = {EA267FB9-131A-4D5E-8265-AC432D712714}
		{D133B20F-D25F-422B-88DF-6DAAFE7C94FE} = {62BDA154-A182-4601-9537-69E4AFB17A36}
		{E35976AC-EAED-4B9A-89E1-04B45F196D9D} = {62BDA154-A182-4601-9537-69E4AFB17A36}
		{3974A25D-5300-4D1E-8F4B-2002B717612F} = {62BDA154-A182-4601-9537-69E4AFB17A36}
		{7457B57C-8423-4D3B-82B2-95976C360220} = {4F9B81D4-7A00-4EBE-9252-65A20BD08D86}
		{79C707A7-277E-4E57-83BD-AC6632458B0F} = {23BD63B4-95ED-4692-BD36-13A80DCF70CB}
		{82C4D04B-695A-4F55-A699-4B32BB660A5F} = {23BD63B4-95ED-4692-BD36-13A80DCF70CB}
		{4A0488AC-128A-4388-B324-B357F7943E34} = {0F44CEB4-F97C-460F-822D-21D53A095360}
		{6694D904-703A-46DB-9C89-FDB5BD73233E} = {0F44CEB4-F97C-460F-822D-21D53A095360}
		{82C858FB-AFED-48C6-AA12-12BC7565CE84} = {A18BF733-B0FD-4D17-B751-94BBAF1379CE}
		{0D76E402-4835-4F91-ABD4-253531C1CC21} = {CFE8DDE6-952F-446E-9A20-5FF3C5FA7B6A}
		{F2D16F6D-1F3F-4078-8480-A20D55579FB8} = {CFE8DDE6-952F-446E-9A20-5FF3C5FA7B6A}
		{88060C3E-4B67-4A2E-B9F7-285B645D8963} = {8D2A8493-D180-4370-BF85-703C401509BB}
		{3EEC91BE-6912-4460-9C3B-347CF7784CC7} = {A8393F09-0081-46DA-936E-97DC49F3588B}
		{B0DC5753-4195-45D8-8C21-BFF2DE8070CF} = {A8393F09-0081-46DA-936E-97DC49F3588B}
	EndGlobalSection
	GlobalSection(ExtensibilityGlobals) = postSolution
		SolutionGuid = {64F5515C-EF39-42A2-A745-20999E45F843}
	EndGlobalSection
EndGlobal
