
Microsoft Visual Studio Solution File, Format Version 12.00
# Visual Studio Version 16
VisualStudioVersion = 16.0.29709.97
MinimumVisualStudioVersion = 10.0.40219.1
Project("{2150E333-8FDC-42A3-9474-1A3956D46DE8}") = "Ch01", "Ch01", "{2072E69B-B6F4-43B3-9D41-5A5967D29670}"
EndProject
Project("{8BC9CEB8-8B4A-11D0-8D11-00A0C91BC942}") = "FirstApp", "FirstApp\FirstApp.vcxproj", "{7DDA999E-B535-4846-A591-B593FC727780}"
EndProject
Project("{8BC9CEB8-8B4A-11D0-8D11-00A0C91BC942}") = "TemplateTest", "TemplateTest\TemplateTest.vcxproj", "{FD4D5417-102F-40B4-A53A-91A92DFDB308}"
EndProject
Project("{8BC9CEB8-8B4A-11D0-8D11-00A0C91BC942}") = "EscapeTest", "EscapeTest\EscapeTest.vcxproj", "{1E226401-419C-443B-BC61-42D6D5374C1B}"
EndProject
Project("{2150E333-8FDC-42A3-9474-1A3956D46DE8}") = "Ch03", "Ch03", "{AC7F036F-5E8D-4B23-9DB6-0BC525664F2F}"
EndProject
Project("{8BC9CEB8-8B4A-11D0-8D11-00A0C91BC942}") = "VarTest", "VarTest\VarTest.vcxproj", "{1479A3DA-BD54-4BC2-A97A-0945F14171FC}"
EndProject
Project("{8BC9CEB8-8B4A-11D0-8D11-00A0C91BC942}") = "StringTest", "StringTest\StringTest.vcxproj", "{CA342A53-7ACB-4D8B-8462-9A7F8B8EFD0A}"
EndProject
Project("{2150E333-8FDC-42A3-9474-1A3956D46DE8}") = "Ch04", "Ch04", "{EA267FB9-131A-4D5E-8265-AC432D712714}"
EndProject
Project("{8BC9CEB8-8B4A-11D0-8D11-00A0C91BC942}") = "DivideTest", "DivideTest\DivideTest.vcxproj", "{F3BBBCEB-B962-4524-A57C-2A9204CE4818}"
EndProject
Project("{2150E333-8FDC-42A3-9474-1A3956D46DE8}") = "Ch05", "Ch05", "{62BDA154-A182-4601-9537-69E4AFB17A36}"
EndProject
Project("{8BC9CEB8-8B4A-11D0-8D11-00A0C91BC942}") = "CastTest", "CastTest\CastTest.vcxproj", "{90BC0698-5939-458B-BA73-C242995201DE}"
EndProject
Global
	GlobalSection(SolutionConfigurationPlatforms) = preSolution
		Debug|x64 = Debug|x64
		Debug|x86 = Debug|x86
		Release|x64 = Release|x64
		Release|x86 = Release|x86
	EndGlobalSection
	GlobalSection(ProjectConfigurationPlatforms) = postSolution
		{7DDA999E-B535-4846-A591-B593FC727780}.Debug|x64.ActiveCfg = Debug|x64
		{7DDA999E-B535-4846-A591-B593FC727780}.Debug|x64.Build.0 = Debug|x64
		{7DDA999E-B535-4846-A591-B593FC727780}.Debug|x86.ActiveCfg = Debug|Win32
		{7DDA999E-B535-4846-A591-B593FC727780}.Debug|x86.Build.0 = Debug|Win32
		{7DDA999E-B535-4846-A591-B593FC727780}.Release|x64.ActiveCfg = Release|x64
		{7DDA999E-B535-4846-A591-B593FC727780}.Release|x64.Build.0 = Release|x64
		{7DDA999E-B535-4846-A591-B593FC727780}.Release|x86.ActiveCfg = Release|Win32
		{7DDA999E-B535-4846-A591-B593FC727780}.Release|x86.Build.0 = Release|Win32
		{FD4D5417-102F-40B4-A53A-91A92DFDB308}.Debug|x64.ActiveCfg = Debug|x64
		{FD4D5417-102F-40B4-A53A-91A92DFDB308}.Debug|x64.Build.0 = Debug|x64
		{FD4D5417-102F-40B4-A53A-91A92DFDB308}.Debug|x86.ActiveCfg = Debug|Win32
		{FD4D5417-102F-40B4-A53A-91A92DFDB308}.Debug|x86.Build.0 = Debug|Win32
		{FD4D5417-102F-40B4-A53A-91A92DFDB308}.Release|x64.ActiveCfg = Release|x64
		{FD4D5417-102F-40B4-A53A-91A92DFDB308}.Release|x64.Build.0 = Release|x64
		{FD4D5417-102F-40B4-A53A-91A92DFDB308}.Release|x86.ActiveCfg = Release|Win32
		{FD4D5417-102F-40B4-A53A-91A92DFDB308}.Release|x86.Build.0 = Release|Win32
		{1E226401-419C-443B-BC61-42D6D5374C1B}.Debug|x64.ActiveCfg = Debug|x64
		{1E226401-419C-443B-BC61-42D6D5374C1B}.Debug|x64.Build.0 = Debug|x64
		{1E226401-419C-443B-BC61-42D6D5374C1B}.Debug|x86.ActiveCfg = Debug|Win32
		{1E226401-419C-443B-BC61-42D6D5374C1B}.Debug|x86.Build.0 = Debug|Win32
		{1E226401-419C-443B-BC61-42D6D5374C1B}.Release|x64.ActiveCfg = Release|x64
		{1E226401-419C-443B-BC61-42D6D5374C1B}.Release|x64.Build.0 = Release|x64
		{1E226401-419C-443B-BC61-42D6D5374C1B}.Release|x86.ActiveCfg = Release|Win32
		{1E226401-419C-443B-BC61-42D6D5374C1B}.Release|x86.Build.0 = Release|Win32
		{1479A3DA-BD54-4BC2-A97A-0945F14171FC}.Debug|x64.ActiveCfg = Debug|x64
		{1479A3DA-BD54-4BC2-A97A-0945F14171FC}.Debug|x64.Build.0 = Debug|x64
		{1479A3DA-BD54-4BC2-A97A-0945F14171FC}.Debug|x86.ActiveCfg = Debug|Win32
		{1479A3DA-BD54-4BC2-A97A-0945F14171FC}.Debug|x86.Build.0 = Debug|Win32
		{1479A3DA-BD54-4BC2-A97A-0945F14171FC}.Release|x64.ActiveCfg = Release|x64
		{1479A3DA-BD54-4BC2-A97A-0945F14171FC}.Release|x64.Build.0 = Release|x64
		{1479A3DA-BD54-4BC2-A97A-0945F14171FC}.Release|x86.ActiveCfg = Release|Win32
		{1479A3DA-BD54-4BC2-A97A-0945F14171FC}.Release|x86.Build.0 = Release|Win32
		{CA342A53-7ACB-4D8B-8462-9A7F8B8EFD0A}.Debug|x64.ActiveCfg = Debug|x64
		{CA342A53-7ACB-4D8B-8462-9A7F8B8EFD0A}.Debug|x64.Build.0 = Debug|x64
		{CA342A53-7ACB-4D8B-8462-9A7F8B8EFD0A}.Debug|x86.ActiveCfg = Debug|Win32
		{CA342A53-7ACB-4D8B-8462-9A7F8B8EFD0A}.Debug|x86.Build.0 = Debug|Win32
		{CA342A53-7ACB-4D8B-8462-9A7F8B8EFD0A}.Release|x64.ActiveCfg = Release|x64
		{CA342A53-7ACB-4D8B-8462-9A7F8B8EFD0A}.Release|x64.Build.0 = Release|x64
		{CA342A53-7ACB-4D8B-8462-9A7F8B8EFD0A}.Release|x86.ActiveCfg = Release|Win32
		{CA342A53-7ACB-4D8B-8462-9A7F8B8EFD0A}.Release|x86.Build.0 = Release|Win32
		{F3BBBCEB-B962-4524-A57C-2A9204CE4818}.Debug|x64.ActiveCfg = Debug|x64
		{F3BBBCEB-B962-4524-A57C-2A9204CE4818}.Debug|x64.Build.0 = Debug|x64
		{F3BBBCEB-B962-4524-A57C-2A9204CE4818}.Debug|x86.ActiveCfg = Debug|Win32
		{F3BBBCEB-B962-4524-A57C-2A9204CE4818}.Debug|x86.Build.0 = Debug|Win32
		{F3BBBCEB-B962-4524-A57C-2A9204CE4818}.Release|x64.ActiveCfg = Release|x64
		{F3BBBCEB-B962-4524-A57C-2A9204CE4818}.Release|x64.Build.0 = Release|x64
		{F3BBBCEB-B962-4524-A57C-2A9204CE4818}.Release|x86.ActiveCfg = Release|Win32
		{F3BBBCEB-B962-4524-A57C-2A9204CE4818}.Release|x86.Build.0 = Release|Win32
		{90BC0698-5939-458B-BA73-C242995201DE}.Debug|x64.ActiveCfg = Debug|x64
		{90BC0698-5939-458B-BA73-C242995201DE}.Debug|x64.Build.0 = Debug|x64
		{90BC0698-5939-458B-BA73-C242995201DE}.Debug|x86.ActiveCfg = Debug|Win32
		{90BC0698-5939-458B-BA73-C242995201DE}.Debug|x86.Build.0 = Debug|Win32
		{90BC0698-5939-458B-BA73-C242995201DE}.Release|x64.ActiveCfg = Release|x64
		{90BC0698-5939-458B-BA73-C242995201DE}.Release|x64.Build.0 = Release|x64
		{90BC0698-5939-458B-BA73-C242995201DE}.Release|x86.ActiveCfg = Release|Win32
		{90BC0698-5939-458B-BA73-C242995201DE}.Release|x86.Build.0 = Release|Win32
	EndGlobalSection
	GlobalSection(SolutionProperties) = preSolution
		HideSolutionNode = FALSE
	EndGlobalSection
	GlobalSection(NestedProjects) = preSolution
		{7DDA999E-B535-4846-A591-B593FC727780} = {2072E69B-B6F4-43B3-9D41-5A5967D29670}
		{FD4D5417-102F-40B4-A53A-91A92DFDB308} = {2072E69B-B6F4-43B3-9D41-5A5967D29670}
		{1E226401-419C-443B-BC61-42D6D5374C1B} = {2072E69B-B6F4-43B3-9D41-5A5967D29670}
		{1479A3DA-BD54-4BC2-A97A-0945F14171FC} = {AC7F036F-5E8D-4B23-9DB6-0BC525664F2F}
		{CA342A53-7ACB-4D8B-8462-9A7F8B8EFD0A} = {AC7F036F-5E8D-4B23-9DB6-0BC525664F2F}
		{F3BBBCEB-B962-4524-A57C-2A9204CE4818} = {EA267FB9-131A-4D5E-8265-AC432D712714}
		{90BC0698-5939-458B-BA73-C242995201DE} = {62BDA154-A182-4601-9537-69E4AFB17A36}
	EndGlobalSection
	GlobalSection(ExtensibilityGlobals) = postSolution
		SolutionGuid = {64F5515C-EF39-42A2-A745-20999E45F843}
	EndGlobalSection
EndGlobal
